# This file was autogenerated by Stack.
# You should not edit this file by hand.
# For more information, please see the documentation at:
#   https://docs.haskellstack.org/en/stable/lock_files

packages:
- completed:
    hackage: fgl-visualize-0.1.0.1@sha256:e682066053a6e75478a08fd6822dd0143a3b8ea23244bdb01dd389a266447c5e,995
    pantry-tree:
      sha256: 969d6b60ea298ffb81697dd350e76774a2f876103a147117f832400451ad2cc3
      size: 224
  original:
    hackage: fgl-visualize-0.1.0.1
- completed:
    hackage: dotgen-0.4.2@sha256:309b7cc8a3593a8e48bee7b53020d5f72db156d58edf78a0214f58fbb84b292b,1402
    pantry-tree:
      sha256: d03f332855d4d9b02e96931596e358202bd18032c323fb1abd8fe84299d259cd
      size: 357
  original:
    hackage: dotgen-0.4.2
- completed:
    hackage: bytestring-0.10.8.1@sha256:574a199177c50d9a2af10f1e2d627d94665e91509317945b6ab67846004d987c,8938
    pantry-tree:
      sha256: 995189c4b58f1a68a2c6b233e3fa424d6bd661469aede253e3013ffc5c49e606
      size: 2788
  original:
    hackage: bytestring-0.10.8.1
- completed:
    hackage: zenc-0.1.1@sha256:e4be3e5e9fe1a1ade05910909c6e5b5a8eff72e697868b03955c9781b0443947,964
    pantry-tree:
      sha256: ac8bdc2a8c4b51c7bfa95802ecbab6879190787c870a9cbe0bfee220b3b2a7fe
      size: 206
  original:
    hackage: zenc-0.1.1
- completed:
    hackage: minisat-0.1.2@sha256:50933c8b7e3baf193e2145bd1966884c1fd1eacc40a602b656026ff292cccbba,1170
    pantry-tree:
      sha256: 744ca02524204aa8182f42b108a6751555331dbeef401ebffc16d18bf491c739
      size: 1994
  original:
    hackage: minisat-0.1.2
- completed:
    hackage: data-partition-0.3.0.0@sha256:f48fc331e8165862d8dd4eabf7c7891d1a2fa02f9017a4246d6aa24f503da37d,706
    pantry-tree:
      sha256: 5e28d84977cf7b4dc1a2f6d77b300414b00b0b8fbbda7b529c2ef3c57207bbc5
      size: 215
  original:
    hackage: data-partition-0.3.0.0
- completed:
    hackage: integer-logarithms-1.0.2@sha256:086b6cfe58d0fbf5e6d4e417939c9da59607c8c6b4446b8f1a95656c1a688c69,2900
    pantry-tree:
      sha256: 3ffea5ed30d91c4507b40171453bdf3d6c23bbc98596734a9af17c085d0a58fe
      size: 865
  original:
    hackage: integer-logarithms-1.0.2
- completed:
    hackage: sbv-7.4@sha256:c9258356338bd8ab7d35358d89a8dec50c93ea7098cfca2654392a85d9b6bf7b,12345
    pantry-tree:
      sha256: 3c48969e6cd10547f7bd31d2a0ae466cd3a5cd4b06659cddb7866b6196dcde5f
      size: 30010
  original:
    hackage: sbv-7.4
- completed:
    hackage: crackNum-1.9@sha256:cbaecdb1f7c7847d23745c849d90a7b8df01e86d87c70b07fb7cc3e5ee3def3f,1425
    pantry-tree:
      sha256: 66e45dc275defa5e8422f43417be86334b78a7c5819b560145075fb52f31853a
      size: 625
  original:
    hackage: crackNum-1.9
- completed:
    hackage: FloatingHex-0.4@sha256:05f65f2b0103d98574b2a2b4a592e02d83ebb13bdbad347b9157507165cf51e7,1333
    pantry-tree:
      sha256: 2402e543c9858f9e47f81fec43be74ea4987dc5fdc33fea8ae7afca7fa741096
      size: 417
  original:
    hackage: FloatingHex-0.4
- completed:
    hackage: array-0.5.1.1@sha256:5fe3b1be786a6821fe430eeb6557cc23c12ddf651a562cb63f38a7395d15f93b,1717
    pantry-tree:
      sha256: d2ea6d243ccb791867cdb05928961788e753ffa1541e92f18a290edff17fb078
      size: 1135
  original:
    hackage: array-0.5.1.1
- completed:
    hackage: text-replace-0.0.0.4@sha256:88800aba160dfb512cf43b24063170d34900e1646ad21f28715a22679f42ae15,1738
    pantry-tree:
      sha256: a7d17c85a9637ef9cc6762ea4e9b932191ede485655b5d18d41292cc9475b105
      size: 293
  original:
    hackage: text-replace-0.0.0.4
snapshots:
- completed:
    sha256: 9e880f85f76b7f35a2b6edd1af333ce7f7845d47e897c3509ddd18eaa2763779
    size: 536352
    url: https://raw.githubusercontent.com/commercialhaskell/stackage-snapshots/master/lts/9/14.yaml
  original: lts-9.14
